
Microsoft Visual Studio Solution File, Format Version 12.00
# Visual Studio 15
VisualStudioVersion = 15.0.27130.2027
MinimumVisualStudioVersion = 10.0.40219.1
Project("{FAE04EC0-301F-11D3-BF4B-00C04F79EFBC}") = "MultiThreading", "MultiThreading\MultiThreading.csproj", "{EABD197E-2B65-4AD7-AC38-84A35E7A5FCE}"
EndProject
Global
	GlobalSection(SolutionConfigurationPlatforms) = preSolution
		Debug|Any CPU = Debug|Any CPU
		Release|Any CPU = Release|Any CPU
	EndGlobalSection
	GlobalSection(ProjectConfigurationPlatforms) = postSolution
		{EABD197E-2B65-4AD7-AC38-84A35E7A5FCE}.Debug|Any CPU.ActiveCfg = Debug|Any CPU
		{EABD197E-2B65-4AD7-AC38-84A35E7A5FCE}.Debug|Any CPU.Build.0 = Debug|Any CPU
		{EABD197E-2B65-4AD7-AC38-84A35E7A5FCE}.Release|Any CPU.ActiveCfg = Release|Any CPU
		{EABD197E-2B65-4AD7-AC38-84A35E7A5FCE}.Release|Any CPU.Build.0 = Release|Any CPU
	EndGlobalSection
	GlobalSection(SolutionProperties) = preSolution
		HideSolutionNode = FALSE
	EndGlobalSection
	GlobalSection(ExtensibilityGlobals) = postSolution
		SolutionGuid = {EA6AF026-7471-477A-A64F-96C326E212B7}
	EndGlobalSection
EndGlobal
